// !$*UTF8*$!
{
	archiveVersion = 1;
	classes = {
	};
	objectVersion = 46;
	objects = {

/* Begin PBXBuildFile section */
		0F580C161EF7C71700ABD0B0 /* AppDelegate.swift in Sources */ = {isa = PBXBuildFile; fileRef = 0F580C151EF7C71700ABD0B0 /* AppDelegate.swift */; };
		0F580C181EF7C71700ABD0B0 /* ViewController.swift in Sources */ = {isa = PBXBuildFile; fileRef = 0F580C171EF7C71700ABD0B0 /* ViewController.swift */; };
		0F580C1B1EF7C71700ABD0B0 /* Main.storyboard in Resources */ = {isa = PBXBuildFile; fileRef = 0F580C191EF7C71700ABD0B0 /* Main.storyboard */; };
		0F580C1D1EF7C71700ABD0B0 /* Assets.xcassets in Resources */ = {isa = PBXBuildFile; fileRef = 0F580C1C1EF7C71700ABD0B0 /* Assets.xcassets */; };
		0F580C201EF7C71700ABD0B0 /* LaunchScreen.storyboard in Resources */ = {isa = PBXBuildFile; fileRef = 0F580C1E1EF7C71700ABD0B0 /* LaunchScreen.storyboard */; };
		0F580C2B1EF7C71700ABD0B0 /* ZangTests.swift in Sources */ = {isa = PBXBuildFile; fileRef = 0F580C2A1EF7C71700ABD0B0 /* ZangTests.swift */; };
		0F580C361EF7C71700ABD0B0 /* ZangUITests.swift in Sources */ = {isa = PBXBuildFile; fileRef = 0F580C351EF7C71700ABD0B0 /* ZangUITests.swift */; };
		0F580C441EF7C88500ABD0B0 /* Cartfile in Resources */ = {isa = PBXBuildFile; fileRef = 0F580C431EF7C88500ABD0B0 /* Cartfile */; };
		0F580C481EF7C98F00ABD0B0 /* Alamofire.framework in Frameworks */ = {isa = PBXBuildFile; fileRef = 0F580C471EF7C98F00ABD0B0 /* Alamofire.framework */; };
		0F580C4A1EF7CBC700ABD0B0 /* Kanna.framework in Frameworks */ = {isa = PBXBuildFile; fileRef = 0F580C491EF7CBC700ABD0B0 /* Kanna.framework */; };
		0FD3192C1EF7F16A0097BF9F /* README.md in Sources */ = {isa = PBXBuildFile; fileRef = 0FD3192B1EF7F16A0097BF9F /* README.md */; };
/* End PBXBuildFile section */

/* Begin PBXContainerItemProxy section */
		0F580C271EF7C71700ABD0B0 /* PBXContainerItemProxy */ = {
			isa = PBXContainerItemProxy;
			containerPortal = 0F580C0A1EF7C71700ABD0B0 /* Project object */;
			proxyType = 1;
			remoteGlobalIDString = 0F580C111EF7C71700ABD0B0;
			remoteInfo = Zang;
		};
		0F580C321EF7C71700ABD0B0 /* PBXContainerItemProxy */ = {
			isa = PBXContainerItemProxy;
			containerPortal = 0F580C0A1EF7C71700ABD0B0 /* Project object */;
			proxyType = 1;
			remoteGlobalIDString = 0F580C111EF7C71700ABD0B0;
			remoteInfo = Zang;
		};
/* End PBXContainerItemProxy section */

/* Begin PBXFileReference section */
		0F580C121EF7C71700ABD0B0 /* Zang.app */ = {isa = PBXFileReference; explicitFileType = wrapper.application; includeInIndex = 0; path = Zang.app; sourceTree = BUILT_PRODUCTS_DIR; };
		0F580C151EF7C71700ABD0B0 /* AppDelegate.swift */ = {isa = PBXFileReference; lastKnownFileType = sourcecode.swift; path = AppDelegate.swift; sourceTree = "<group>"; };
		0F580C171EF7C71700ABD0B0 /* ViewController.swift */ = {isa = PBXFileReference; lastKnownFileType = sourcecode.swift; path = ViewController.swift; sourceTree = "<group>"; };
		0F580C1A1EF7C71700ABD0B0 /* Base */ = {isa = PBXFileReference; lastKnownFileType = file.storyboard; name = Base; path = Base.lproj/Main.storyboard; sourceTree = "<group>"; };
		0F580C1C1EF7C71700ABD0B0 /* Assets.xcassets */ = {isa = PBXFileReference; lastKnownFileType = folder.assetcatalog; path = Assets.xcassets; sourceTree = "<group>"; };
		0F580C1F1EF7C71700ABD0B0 /* Base */ = {isa = PBXFileReference; lastKnownFileType = file.storyboard; name = Base; path = Base.lproj/LaunchScreen.storyboard; sourceTree = "<group>"; };
		0F580C211EF7C71700ABD0B0 /* Info.plist */ = {isa = PBXFileReference; lastKnownFileType = text.plist.xml; path = Info.plist; sourceTree = "<group>"; };
		0F580C261EF7C71700ABD0B0 /* ZangTests.xctest */ = {isa = PBXFileReference; explicitFileType = wrapper.cfbundle; includeInIndex = 0; path = ZangTests.xctest; sourceTree = BUILT_PRODUCTS_DIR; };
		0F580C2A1EF7C71700ABD0B0 /* ZangTests.swift */ = {isa = PBXFileReference; lastKnownFileType = sourcecode.swift; path = ZangTests.swift; sourceTree = "<group>"; };
		0F580C2C1EF7C71700ABD0B0 /* Info.plist */ = {isa = PBXFileReference; lastKnownFileType = text.plist.xml; path = Info.plist; sourceTree = "<group>"; };
		0F580C311EF7C71700ABD0B0 /* ZangUITests.xctest */ = {isa = PBXFileReference; explicitFileType = wrapper.cfbundle; includeInIndex = 0; path = ZangUITests.xctest; sourceTree = BUILT_PRODUCTS_DIR; };
		0F580C351EF7C71700ABD0B0 /* ZangUITests.swift */ = {isa = PBXFileReference; lastKnownFileType = sourcecode.swift; path = ZangUITests.swift; sourceTree = "<group>"; };
		0F580C371EF7C71700ABD0B0 /* Info.plist */ = {isa = PBXFileReference; lastKnownFileType = text.plist.xml; path = Info.plist; sourceTree = "<group>"; };
		0F580C431EF7C88500ABD0B0 /* Cartfile */ = {isa = PBXFileReference; fileEncoding = 4; lastKnownFileType = text; path = Cartfile; sourceTree = "<group>"; };
		0F580C471EF7C98F00ABD0B0 /* Alamofire.framework */ = {isa = PBXFileReference; lastKnownFileType = wrapper.framework; name = Alamofire.framework; path = Carthage/Build/iOS/Alamofire.framework; sourceTree = "<group>"; };
		0F580C491EF7CBC700ABD0B0 /* Kanna.framework */ = {isa = PBXFileReference; lastKnownFileType = wrapper.framework; name = Kanna.framework; path = Carthage/Build/iOS/Kanna.framework; sourceTree = "<group>"; };
		0FD3192B1EF7F16A0097BF9F /* README.md */ = {isa = PBXFileReference; fileEncoding = 4; lastKnownFileType = net.daringfireball.markdown; path = README.md; sourceTree = "<group>"; };
/* End PBXFileReference section */

/* Begin PBXFrameworksBuildPhase section */
		0F580C0F1EF7C71700ABD0B0 /* Frameworks */ = {
			isa = PBXFrameworksBuildPhase;
			buildActionMask = 2147483647;
			files = (
				0F580C4A1EF7CBC700ABD0B0 /* Kanna.framework in Frameworks */,
				0F580C481EF7C98F00ABD0B0 /* Alamofire.framework in Frameworks */,
			);
			runOnlyForDeploymentPostprocessing = 0;
		};
		0F580C231EF7C71700ABD0B0 /* Frameworks */ = {
			isa = PBXFrameworksBuildPhase;
			buildActionMask = 2147483647;
			files = (
			);
			runOnlyForDeploymentPostprocessing = 0;
		};
		0F580C2E1EF7C71700ABD0B0 /* Frameworks */ = {
			isa = PBXFrameworksBuildPhase;
			buildActionMask = 2147483647;
			files = (
			);
			runOnlyForDeploymentPostprocessing = 0;
		};
/* End PBXFrameworksBuildPhase section */

/* Begin PBXGroup section */
		0F580C091EF7C71700ABD0B0 = {
			isa = PBXGroup;
			children = (
				0FD3192B1EF7F16A0097BF9F /* README.md */,
				0F580C431EF7C88500ABD0B0 /* Cartfile */,
				0F580C141EF7C71700ABD0B0 /* Zang */,
				0F580C291EF7C71700ABD0B0 /* ZangTests */,
				0F580C341EF7C71700ABD0B0 /* ZangUITests */,
				0F580C131EF7C71700ABD0B0 /* Products */,
				0F580C461EF7C98F00ABD0B0 /* Frameworks */,
			);
			sourceTree = "<group>";
		};
		0F580C131EF7C71700ABD0B0 /* Products */ = {
			isa = PBXGroup;
			children = (
				0F580C121EF7C71700ABD0B0 /* Zang.app */,
				0F580C261EF7C71700ABD0B0 /* ZangTests.xctest */,
				0F580C311EF7C71700ABD0B0 /* ZangUITests.xctest */,
			);
			name = Products;
			sourceTree = "<group>";
		};
		0F580C141EF7C71700ABD0B0 /* Zang */ = {
			isa = PBXGroup;
			children = (
				0F580C151EF7C71700ABD0B0 /* AppDelegate.swift */,
				0F580C171EF7C71700ABD0B0 /* ViewController.swift */,
				0F580C191EF7C71700ABD0B0 /* Main.storyboard */,
				0F580C1C1EF7C71700ABD0B0 /* Assets.xcassets */,
				0F580C1E1EF7C71700ABD0B0 /* LaunchScreen.storyboard */,
				0F580C211EF7C71700ABD0B0 /* Info.plist */,
			);
			path = Zang;
			sourceTree = "<group>";
		};
		0F580C291EF7C71700ABD0B0 /* ZangTests */ = {
			isa = PBXGroup;
			children = (
				0F580C2A1EF7C71700ABD0B0 /* ZangTests.swift */,
				0F580C2C1EF7C71700ABD0B0 /* Info.plist */,
			);
			path = ZangTests;
			sourceTree = "<group>";
		};
		0F580C341EF7C71700ABD0B0 /* ZangUITests */ = {
			isa = PBXGroup;
			children = (
				0F580C351EF7C71700ABD0B0 /* ZangUITests.swift */,
				0F580C371EF7C71700ABD0B0 /* Info.plist */,
			);
			path = ZangUITests;
			sourceTree = "<group>";
		};
		0F580C461EF7C98F00ABD0B0 /* Frameworks */ = {
			isa = PBXGroup;
			children = (
				0F580C491EF7CBC700ABD0B0 /* Kanna.framework */,
				0F580C471EF7C98F00ABD0B0 /* Alamofire.framework */,
			);
			name = Frameworks;
			sourceTree = "<group>";
		};
/* End PBXGroup section */

/* Begin PBXNativeTarget section */
		0F580C111EF7C71700ABD0B0 /* Zang */ = {
			isa = PBXNativeTarget;
			buildConfigurationList = 0F580C3A1EF7C71700ABD0B0 /* Build configuration list for PBXNativeTarget "Zang" */;
			buildPhases = (
				0F580C0E1EF7C71700ABD0B0 /* Sources */,
				0F580C0F1EF7C71700ABD0B0 /* Frameworks */,
				0F580C101EF7C71700ABD0B0 /* Resources */,
				0F580C451EF7C90300ABD0B0 /* ShellScript */,
			);
			buildRules = (
			);
			dependencies = (
			);
			name = Zang;
			productName = Zang;
			productReference = 0F580C121EF7C71700ABD0B0 /* Zang.app */;
			productType = "com.apple.product-type.application";
		};
		0F580C251EF7C71700ABD0B0 /* ZangTests */ = {
			isa = PBXNativeTarget;
			buildConfigurationList = 0F580C3D1EF7C71700ABD0B0 /* Build configuration list for PBXNativeTarget "ZangTests" */;
			buildPhases = (
				0F580C221EF7C71700ABD0B0 /* Sources */,
				0F580C231EF7C71700ABD0B0 /* Frameworks */,
				0F580C241EF7C71700ABD0B0 /* Resources */,
			);
			buildRules = (
			);
			dependencies = (
				0F580C281EF7C71700ABD0B0 /* PBXTargetDependency */,
			);
			name = ZangTests;
			productName = ZangTests;
			productReference = 0F580C261EF7C71700ABD0B0 /* ZangTests.xctest */;
			productType = "com.apple.product-type.bundle.unit-test";
		};
		0F580C301EF7C71700ABD0B0 /* ZangUITests */ = {
			isa = PBXNativeTarget;
			buildConfigurationList = 0F580C401EF7C71700ABD0B0 /* Build configuration list for PBXNativeTarget "ZangUITests" */;
			buildPhases = (
				0F580C2D1EF7C71700ABD0B0 /* Sources */,
				0F580C2E1EF7C71700ABD0B0 /* Frameworks */,
				0F580C2F1EF7C71700ABD0B0 /* Resources */,
			);
			buildRules = (
			);
			dependencies = (
				0F580C331EF7C71700ABD0B0 /* PBXTargetDependency */,
			);
			name = ZangUITests;
			productName = ZangUITests;
			productReference = 0F580C311EF7C71700ABD0B0 /* ZangUITests.xctest */;
			productType = "com.apple.product-type.bundle.ui-testing";
		};
/* End PBXNativeTarget section */

/* Begin PBXProject section */
		0F580C0A1EF7C71700ABD0B0 /* Project object */ = {
			isa = PBXProject;
			attributes = {
				LastSwiftUpdateCheck = 0830;
				LastUpgradeCheck = 0830;
				ORGANIZATIONNAME = drskur;
				TargetAttributes = {
					0F580C111EF7C71700ABD0B0 = {
						CreatedOnToolsVersion = 8.3.3;
						ProvisioningStyle = Automatic;
					};
					0F580C251EF7C71700ABD0B0 = {
						CreatedOnToolsVersion = 8.3.3;
						ProvisioningStyle = Automatic;
						TestTargetID = 0F580C111EF7C71700ABD0B0;
					};
					0F580C301EF7C71700ABD0B0 = {
						CreatedOnToolsVersion = 8.3.3;
						ProvisioningStyle = Automatic;
						TestTargetID = 0F580C111EF7C71700ABD0B0;
					};
				};
			};
			buildConfigurationList = 0F580C0D1EF7C71700ABD0B0 /* Build configuration list for PBXProject "Zang" */;
			compatibilityVersion = "Xcode 3.2";
			developmentRegion = English;
			hasScannedForEncodings = 0;
			knownRegions = (
				en,
				Base,
			);
			mainGroup = 0F580C091EF7C71700ABD0B0;
			productRefGroup = 0F580C131EF7C71700ABD0B0 /* Products */;
			projectDirPath = "";
			projectRoot = "";
			targets = (
				0F580C111EF7C71700ABD0B0 /* Zang */,
				0F580C251EF7C71700ABD0B0 /* ZangTests */,
				0F580C301EF7C71700ABD0B0 /* ZangUITests */,
			);
		};
/* End PBXProject section */

/* Begin PBXResourcesBuildPhase section */
		0F580C101EF7C71700ABD0B0 /* Resources */ = {
			isa = PBXResourcesBuildPhase;
			buildActionMask = 2147483647;
			files = (
				0F580C201EF7C71700ABD0B0 /* LaunchScreen.storyboard in Resources */,
				0F580C1D1EF7C71700ABD0B0 /* Assets.xcassets in Resources */,
				0F580C441EF7C88500ABD0B0 /* Cartfile in Resources */,
				0F580C1B1EF7C71700ABD0B0 /* Main.storyboard in Resources */,
			);
			runOnlyForDeploymentPostprocessing = 0;
		};
		0F580C241EF7C71700ABD0B0 /* Resources */ = {
			isa = PBXResourcesBuildPhase;
			buildActionMask = 2147483647;
			files = (
			);
			runOnlyForDeploymentPostprocessing = 0;
		};
		0F580C2F1EF7C71700ABD0B0 /* Resources */ = {
			isa = PBXResourcesBuildPhase;
			buildActionMask = 2147483647;
			files = (
			);
			runOnlyForDeploymentPostprocessing = 0;
		};
/* End PBXResourcesBuildPhase section */

/* Begin PBXShellScriptBuildPhase section */
		0F580C451EF7C90300ABD0B0 /* ShellScript */ = {
			isa = PBXShellScriptBuildPhase;
			buildActionMask = 8;
			files = (
			);
			inputPaths = (
				"$(SRCROOT)/Carthage/Build/iOS/Alamofire.framework",
				"$(SRCROOT)/Carthage/Build/iOS/Kanna.framework",
			);
			outputPaths = (
			);
			runOnlyForDeploymentPostprocessing = 1;
			shellPath = /bin/sh;
			shellScript = "/usr/local/bin/carthage copy-frameworks";
		};
/* End PBXShellScriptBuildPhase section */

/* Begin PBXSourcesBuildPhase section */
		0F580C0E1EF7C71700ABD0B0 /* Sources */ = {
			isa = PBXSourcesBuildPhase;
			buildActionMask = 2147483647;
			files = (
				0FD3192C1EF7F16A0097BF9F /* README.md in Sources */,
				0F580C181EF7C71700ABD0B0 /* ViewController.swift in Sources */,
				0F580C161EF7C71700ABD0B0 /* AppDelegate.swift in Sources */,
			);
			runOnlyForDeploymentPostprocessing = 0;
		};
		0F580C221EF7C71700ABD0B0 /* Sources */ = {
			isa = PBXSourcesBuildPhase;
			buildActionMask = 2147483647;
			files = (
				0F580C2B1EF7C71700ABD0B0 /* ZangTests.swift in Sources */,
			);
			runOnlyForDeploymentPostprocessing = 0;
		};
		0F580C2D1EF7C71700ABD0B0 /* Sources */ = {
			isa = PBXSourcesBuildPhase;
			buildActionMask = 2147483647;
			files = (
				0F580C361EF7C71700ABD0B0 /* ZangUITests.swift in Sources */,
			);
			runOnlyForDeploymentPostprocessing = 0;
		};
/* End PBXSourcesBuildPhase section */

/* Begin PBXTargetDependency section */
		0F580C281EF7C71700ABD0B0 /* PBXTargetDependency */ = {
			isa = PBXTargetDependency;
			target = 0F580C111EF7C71700ABD0B0 /* Zang */;
			targetProxy = 0F580C271EF7C71700ABD0B0 /* PBXContainerItemProxy */;
		};
		0F580C331EF7C71700ABD0B0 /* PBXTargetDependency */ = {
			isa = PBXTargetDependency;
			target = 0F580C111EF7C71700ABD0B0 /* Zang */;
			targetProxy = 0F580C321EF7C71700ABD0B0 /* PBXContainerItemProxy */;
		};
/* End PBXTargetDependency section */

/* Begin PBXVariantGroup section */
		0F580C191EF7C71700ABD0B0 /* Main.storyboard */ = {
			isa = PBXVariantGroup;
			children = (
				0F580C1A1EF7C71700ABD0B0 /* Base */,
			);
			name = Main.storyboard;
			sourceTree = "<group>";
		};
		0F580C1E1EF7C71700ABD0B0 /* LaunchScreen.storyboard */ = {
			isa = PBXVariantGroup;
			children = (
				0F580C1F1EF7C71700ABD0B0 /* Base */,
			);
			name = LaunchScreen.storyboard;
			sourceTree = "<group>";
		};
/* End PBXVariantGroup section */

/* Begin XCBuildConfiguration section */
		0F580C381EF7C71700ABD0B0 /* Debug */ = {
			isa = XCBuildConfiguration;
			buildSettings = {
				ALWAYS_SEARCH_USER_PATHS = NO;
				CLANG_ANALYZER_NONNULL = YES;
				CLANG_ANALYZER_NUMBER_OBJECT_CONVERSION = YES_AGGRESSIVE;
				CLANG_CXX_LANGUAGE_STANDARD = "gnu++0x";
				CLANG_CXX_LIBRARY = "libc++";
				CLANG_ENABLE_MODULES = YES;
				CLANG_ENABLE_OBJC_ARC = YES;
				CLANG_WARN_BOOL_CONVERSION = YES;
				CLANG_WARN_CONSTANT_CONVERSION = YES;
				CLANG_WARN_DIRECT_OBJC_ISA_USAGE = YES_ERROR;
				CLANG_WARN_DOCUMENTATION_COMMENTS = YES;
				CLANG_WARN_EMPTY_BODY = YES;
				CLANG_WARN_ENUM_CONVERSION = YES;
				CLANG_WARN_INFINITE_RECURSION = YES;
				CLANG_WARN_INT_CONVERSION = YES;
				CLANG_WARN_OBJC_ROOT_CLASS = YES_ERROR;
				CLANG_WARN_SUSPICIOUS_MOVE = YES;
				CLANG_WARN_UNREACHABLE_CODE = YES;
				CLANG_WARN__DUPLICATE_METHOD_MATCH = YES;
				"CODE_SIGN_IDENTITY[sdk=iphoneos*]" = "iPhone Developer";
				COPY_PHASE_STRIP = NO;
				DEBUG_INFORMATION_FORMAT = dwarf;
				ENABLE_STRICT_OBJC_MSGSEND = YES;
				ENABLE_TESTABILITY = YES;
				GCC_C_LANGUAGE_STANDARD = gnu99;
				GCC_DYNAMIC_NO_PIC = NO;
				GCC_NO_COMMON_BLOCKS = YES;
				GCC_OPTIMIZATION_LEVEL = 0;
				GCC_PREPROCESSOR_DEFINITIONS = (
					"DEBUG=1",
					"$(inherited)",
				);
				GCC_WARN_64_TO_32_BIT_CONVERSION = YES;
				GCC_WARN_ABOUT_RETURN_TYPE = YES_ERROR;
				GCC_WARN_UNDECLARED_SELECTOR = YES;
				GCC_WARN_UNINITIALIZED_AUTOS = YES_AGGRESSIVE;
				GCC_WARN_UNUSED_FUNCTION = YES;
				GCC_WARN_UNUSED_VARIABLE = YES;
				IPHONEOS_DEPLOYMENT_TARGET = 10.3;
				MTL_ENABLE_DEBUG_INFO = YES;
				ONLY_ACTIVE_ARCH = YES;
				SDKROOT = iphoneos;
				SWIFT_ACTIVE_COMPILATION_CONDITIONS = DEBUG;
				SWIFT_OPTIMIZATION_LEVEL = "-Onone";
				TARGETED_DEVICE_FAMILY = "1,2";
			};
			name = Debug;
		};
		0F580C391EF7C71700ABD0B0 /* Release */ = {
			isa = XCBuildConfiguration;
			buildSettings = {
				ALWAYS_SEARCH_USER_PATHS = NO;
				CLANG_ANALYZER_NONNULL = YES;
				CLANG_ANALYZER_NUMBER_OBJECT_CONVERSION = YES_AGGRESSIVE;
				CLANG_CXX_LANGUAGE_STANDARD = "gnu++0x";
				CLANG_CXX_LIBRARY = "libc++";
				CLANG_ENABLE_MODULES = YES;
				CLANG_ENABLE_OBJC_ARC = YES;
				CLANG_WARN_BOOL_CONVERSION = YES;
				CLANG_WARN_CONSTANT_CONVERSION = YES;
				CLANG_WARN_DIRECT_OBJC_ISA_USAGE = YES_ERROR;
				CLANG_WARN_DOCUMENTATION_COMMENTS = YES;
				CLANG_WARN_EMPTY_BODY = YES;
				CLANG_WARN_ENUM_CONVERSION = YES;
				CLANG_WARN_INFINITE_RECURSION = YES;
				CLANG_WARN_INT_CONVERSION = YES;
				CLANG_WARN_OBJC_ROOT_CLASS = YES_ERROR;
				CLANG_WARN_SUSPICIOUS_MOVE = YES;
				CLANG_WARN_UNREACHABLE_CODE = YES;
				CLANG_WARN__DUPLICATE_METHOD_MATCH = YES;
				"CODE_SIGN_IDENTITY[sdk=iphoneos*]" = "iPhone Developer";
				COPY_PHASE_STRIP = NO;
				DEBUG_INFORMATION_FORMAT = "dwarf-with-dsym";
				ENABLE_NS_ASSERTIONS = NO;
				ENABLE_STRICT_OBJC_MSGSEND = YES;
				GCC_C_LANGUAGE_STANDARD = gnu99;
				GCC_NO_COMMON_BLOCKS = YES;
				GCC_WARN_64_TO_32_BIT_CONVERSION = YES;
				GCC_WARN_ABOUT_RETURN_TYPE = YES_ERROR;
				GCC_WARN_UNDECLARED_SELECTOR = YES;
				GCC_WARN_UNINITIALIZED_AUTOS = YES_AGGRESSIVE;
				GCC_WARN_UNUSED_FUNCTION = YES;
				GCC_WARN_UNUSED_VARIABLE = YES;
				IPHONEOS_DEPLOYMENT_TARGET = 10.3;
				MTL_ENABLE_DEBUG_INFO = NO;
				SDKROOT = iphoneos;
				SWIFT_OPTIMIZATION_LEVEL = "-Owholemodule";
				TARGETED_DEVICE_FAMILY = "1,2";
				VALIDATE_PRODUCT = YES;
			};
			name = Release;
		};
		0F580C3B1EF7C71700ABD0B0 /* Debug */ = {
			isa = XCBuildConfiguration;
			buildSettings = {
				ASSETCATALOG_COMPILER_APPICON_NAME = AppIcon;
				FRAMEWORK_SEARCH_PATHS = (
					"$(inherited)",
					"$(PROJECT_DIR)/Carthage/Build/iOS",
				);
				INFOPLIST_FILE = Zang/Info.plist;
				LD_RUNPATH_SEARCH_PATHS = "$(inherited) @executable_path/Frameworks";
				PRODUCT_BUNDLE_IDENTIFIER = com.me.drskur.Zang;
				PRODUCT_NAME = "$(TARGET_NAME)";
				SWIFT_VERSION = 3.0;
			};
			name = Debug;
		};
		0F580C3C1EF7C71700ABD0B0 /* Release */ = {
			isa = XCBuildConfiguration;
			buildSettings = {
				ASSETCATALOG_COMPILER_APPICON_NAME = AppIcon;
				FRAMEWORK_SEARCH_PATHS = (
					"$(inherited)",
					"$(PROJECT_DIR)/Carthage/Build/iOS",
				);
				INFOPLIST_FILE = Zang/Info.plist;
				LD_RUNPATH_SEARCH_PATHS = "$(inherited) @executable_path/Frameworks";
				PRODUCT_BUNDLE_IDENTIFIER = com.me.drskur.Zang;
				PRODUCT_NAME = "$(TARGET_NAME)";
				SWIFT_VERSION = 3.0;
			};
			name = Release;
		};
		0F580C3E1EF7C71700ABD0B0 /* Debug */ = {
			isa = XCBuildConfiguration;
			buildSettings = {
				ALWAYS_EMBED_SWIFT_STANDARD_LIBRARIES = YES;
				BUNDLE_LOADER = "$(TEST_HOST)";
				INFOPLIST_FILE = ZangTests/Info.plist;
				LD_RUNPATH_SEARCH_PATHS = "$(inherited) @executable_path/Frameworks @loader_path/Frameworks";
				PRODUCT_BUNDLE_IDENTIFIER = com.me.drskur.ZangTests;
				PRODUCT_NAME = "$(TARGET_NAME)";
				SWIFT_VERSION = 3.0;
				TEST_HOST = "$(BUILT_PRODUCTS_DIR)/Zang.app/Zang";
			};
			name = Debug;
		};
		0F580C3F1EF7C71700ABD0B0 /* Release */ = {
			isa = XCBuildConfiguration;
			buildSettings = {
				ALWAYS_EMBED_SWIFT_STANDARD_LIBRARIES = YES;
				BUNDLE_LOADER = "$(TEST_HOST)";
				INFOPLIST_FILE = ZangTests/Info.plist;
				LD_RUNPATH_SEARCH_PATHS = "$(inherited) @executable_path/Frameworks @loader_path/Frameworks";
				PRODUCT_BUNDLE_IDENTIFIER = com.me.drskur.ZangTests;
				PRODUCT_NAME = "$(TARGET_NAME)";
				SWIFT_VERSION = 3.0;
				TEST_HOST = "$(BUILT_PRODUCTS_DIR)/Zang.app/Zang";
			};
			name = Release;
		};
		0F580C411EF7C71700ABD0B0 /* Debug */ = {
			isa = XCBuildConfiguration;
			buildSettings = {
				ALWAYS_EMBED_SWIFT_STANDARD_LIBRARIES = YES;
				INFOPLIST_FILE = ZangUITests/Info.plist;
				LD_RUNPATH_SEARCH_PATHS = "$(inherited) @executable_path/Frameworks @loader_path/Frameworks";
				PRODUCT_BUNDLE_IDENTIFIER = com.me.drskur.ZangUITests;
				PRODUCT_NAME = "$(TARGET_NAME)";
				SWIFT_VERSION = 3.0;
				TEST_TARGET_NAME = Zang;
			};
			name = Debug;
		};
		0F580C421EF7C71700ABD0B0 /* Release */ = {
			isa = XCBuildConfiguration;
			buildSettings = {
				ALWAYS_EMBED_SWIFT_STANDARD_LIBRARIES = YES;
				INFOPLIST_FILE = ZangUITests/Info.plist;
				LD_RUNPATH_SEARCH_PATHS = "$(inherited) @executable_path/Frameworks @loader_path/Frameworks";
				PRODUCT_BUNDLE_IDENTIFIER = com.me.drskur.ZangUITests;
				PRODUCT_NAME = "$(TARGET_NAME)";
				SWIFT_VERSION = 3.0;
				TEST_TARGET_NAME = Zang;
			};
			name = Release;
		};
/* End XCBuildConfiguration section */

/* Begin XCConfigurationList section */
		0F580C0D1EF7C71700ABD0B0 /* Build configuration list for PBXProject "Zang" */ = {
			isa = XCConfigurationList;
			buildConfigurations = (
				0F580C381EF7C71700ABD0B0 /* Debug */,
				0F580C391EF7C71700ABD0B0 /* Release */,
			);
			defaultConfigurationIsVisible = 0;
			defaultConfigurationName = Release;
		};
		0F580C3A1EF7C71700ABD0B0 /* Build configuration list for PBXNativeTarget "Zang" */ = {
			isa = XCConfigurationList;
			buildConfigurations = (
				0F580C3B1EF7C71700ABD0B0 /* Debug */,
				0F580C3C1EF7C71700ABD0B0 /* Release */,
			);
			defaultConfigurationIsVisible = 0;
			defaultConfigurationName = Release;
		};
		0F580C3D1EF7C71700ABD0B0 /* Build configuration list for PBXNativeTarget "ZangTests" */ = {
			isa = XCConfigurationList;
			buildConfigurations = (
				0F580C3E1EF7C71700ABD0B0 /* Debug */,
				0F580C3F1EF7C71700ABD0B0 /* Release */,
			);
			defaultConfigurationIsVisible = 0;
			defaultConfigurationName = Release;
		};
		0F580C401EF7C71700ABD0B0 /* Build configuration list for PBXNativeTarget "ZangUITests" */ = {
			isa = XCConfigurationList;
			buildConfigurations = (
				0F580C411EF7C71700ABD0B0 /* Debug */,
				0F580C421EF7C71700ABD0B0 /* Release */,
			);
			defaultConfigurationIsVisible = 0;
			defaultConfigurationName = Release;
		};
/* End XCConfigurationList section */
	};
	rootObject = 0F580C0A1EF7C71700ABD0B0 /* Project object */;
}
